
Microsoft Visual Studio Solution File, Format Version 12.00
# Visual Studio Version 16
VisualStudioVersion = 16.0.31313.79
MinimumVisualStudioVersion = 10.0.40219.1
Project("{8BC9CEB8-8B4A-11D0-8D11-00A0C91BC942}") = "TP FINAL LABO I", "TP FINAL LABO I\TP FINAL LABO I.vcxproj", "{AC5BA34E-1B9F-4C05-BD12-6C9B4D7E0D72}"
EndProject
Global
	GlobalSection(SolutionConfigurationPlatforms) = preSolution
		Debug|x64 = Debug|x64
		Debug|x86 = Debug|x86
		Release|x64 = Release|x64
		Release|x86 = Release|x86
	EndGlobalSection
	GlobalSection(ProjectConfigurationPlatforms) = postSolution
		{AC5BA34E-1B9F-4C05-BD12-6C9B4D7E0D72}.Debug|x64.ActiveCfg = Debug|x64
		{AC5BA34E-1B9F-4C05-BD12-6C9B4D7E0D72}.Debug|x64.Build.0 = Debug|x64
		{AC5BA34E-1B9F-4C05-BD12-6C9B4D7E0D72}.Debug|x86.ActiveCfg = Debug|Win32
		{AC5BA34E-1B9F-4C05-BD12-6C9B4D7E0D72}.Debug|x86.Build.0 = Debug|Win32
		{AC5BA34E-1B9F-4C05-BD12-6C9B4D7E0D72}.Release|x64.ActiveCfg = Release|x64
		{AC5BA34E-1B9F-4C05-BD12-6C9B4D7E0D72}.Release|x64.Build.0 = Release|x64
		{AC5BA34E-1B9F-4C05-BD12-6C9B4D7E0D72}.Release|x86.ActiveCfg = Release|Win32
		{AC5BA34E-1B9F-4C05-BD12-6C9B4D7E0D72}.Release|x86.Build.0 = Release|Win32
	EndGlobalSection
	GlobalSection(SolutionProperties) = preSolution
		HideSolutionNode = FALSE
	EndGlobalSection
	GlobalSection(ExtensibilityGlobals) = postSolution
		SolutionGuid = {5EF4A3FE-6FFD-4606-AD64-EE243C598AD2}
	EndGlobalSection
EndGlobal
